version = 1
revision = 3
requires-python = ">=3.7"
resolution-markers = [
    "python_full_version >= '3.9'",
    "python_full_version < '3.9'",
]

[[package]]
name = "alma-python-packages"
version = "1.4.10"
source = { editable = "." }
dependencies = [
    { name = "httplib2" },
    { name = "xmljson" },
]

[package.metadata]
requires-dist = [
    { name = "httplib2" },
    { name = "xmljson" },
]

[[package]]
name = "httplib2"
version = "0.31.2"
source = { registry = "https://pypi.org/simple" }
dependencies = [
    { name = "pyparsing", version = "3.1.4", source = { registry = "https://pypi.org/simple" }, marker = "python_full_version < '3.9'" },
    { name = "pyparsing", version = "3.3.2", source = { registry = "https://pypi.org/simple" }, marker = "python_full_version >= '3.9'" },
]
sdist = { url = "https://files.pythonhosted.org/packages/c1/1f/e86365613582c027dda5ddb64e1010e57a3d53e99ab8a72093fa13d565ec/httplib2-0.31.2.tar.gz", hash = "sha256:385e0869d7397484f4eab426197a4c020b606edd43372492337c0b4010ae5d24", size = 250800, upload-time = "2026-01-23T11:04:44.165Z" }
wheels = [
    { url = "https://files.pythonhosted.org/packages/2f/90/fd509079dfcab01102c0fdd87f3a9506894bc70afcf9e9785ef6b2b3aff6/httplib2-0.31.2-py3-none-any.whl", hash = "sha256:dbf0c2fa3862acf3c55c078ea9c0bc4481d7dc5117cae71be9514912cf9f8349", size = 91099, upload-time = "2026-01-23T11:04:42.78Z" },
]

[[package]]
name = "pyparsing"
version = "3.1.4"
source = { registry = "https://pypi.org/simple" }
resolution-markers = [
    "python_full_version < '3.9'",
]
sdist = { url = "https://files.pythonhosted.org/packages/83/08/13f3bce01b2061f2bbd582c9df82723de943784cf719a35ac886c652043a/pyparsing-3.1.4.tar.gz", hash = "sha256:f86ec8d1a83f11977c9a6ea7598e8c27fc5cddfa5b07ea2241edbbde1d7bc032", size = 900231, upload-time = "2024-08-25T15:00:47.416Z" }
wheels = [
    { url = "https://files.pythonhosted.org/packages/e5/0c/0e3c05b1c87bb6a1c76d281b0f35e78d2d80ac91b5f8f524cebf77f51049/pyparsing-3.1.4-py3-none-any.whl", hash = "sha256:a6a7ee4235a3f944aa1fa2249307708f893fe5717dc603503c6c7969c070fb7c", size = 104100, upload-time = "2024-08-25T15:00:45.361Z" },
]

[[package]]
name = "pyparsing"
version = "3.3.2"
source = { registry = "https://pypi.org/simple" }
resolution-markers = [
    "python_full_version >= '3.9'",
]
sdist = { url = "https://files.pythonhosted.org/packages/f3/91/9c6ee907786a473bf81c5f53cf703ba0957b23ab84c264080fb5a450416f/pyparsing-3.3.2.tar.gz", hash = "sha256:c777f4d763f140633dcb6d8a3eda953bf7a214dc4eff598413c070bcdc117cbc", size = 6851574, upload-time = "2026-01-21T03:57:59.36Z" }
wheels = [
    { url = "https://files.pythonhosted.org/packages/10/bd/c038d7cc38edc1aa5bf91ab8068b63d4308c66c4c8bb3cbba7dfbc049f9c/pyparsing-3.3.2-py3-none-any.whl", hash = "sha256:850ba148bd908d7e2411587e247a1e4f0327839c40e2e5e6d05a007ecc69911d", size = 122781, upload-time = "2026-01-21T03:57:55.912Z" },
]

[[package]]
name = "xmljson"
version = "0.2.1"
source = { registry = "https://pypi.org/simple" }
sdist = { url = "https://files.pythonhosted.org/packages/e8/6f/d9f109ba19be510fd3098bcb72143c67ca6743cedb48ac75aef05ddfe960/xmljson-0.2.1.tar.gz", hash = "sha256:b4158e66aa1e62ee39f7f80eb2fe4f767670ba3c0d5de9804420dc53427fdec8", size = 29195, upload-time = "2020-04-25T04:10:32.623Z" }
wheels = [
    { url = "https://files.pythonhosted.org/packages/91/2d/7191efe15406b8b99e2b5905ca676a8a3dc2936416ade7ed17752902c250/xmljson-0.2.1-py2.py3-none-any.whl", hash = "sha256:8f1d7aba2c0c1bfa0203b577f21a1d95fde4485205ff638b854cb4d834e639b0", size = 10145, upload-time = "2020-04-25T04:10:30.731Z" },
]
